{
  "nodes": {
    "home-manager": {
      "inputs": {
        "nixpkgs": [
          "nixpkgs"
        ]
      },
      "locked": {
        "lastModified": 1744919155,
        "narHash": "sha256-IJksPW32V9gid9vDxoloJMRk+YGjxq5drFHBFeBkKU8=",
        "owner": "nix-community",
        "repo": "home-manager",
        "rev": "72526a5f7cde2ef9075637802a1e2a8d2d658f70",
        "type": "github"
      },
      "original": {
        "owner": "nix-community",
        "repo": "home-manager",
        "type": "github"
      }
    },
    "home-manager_2": {
      "inputs": {
        "nixpkgs": [
          "zen-browser",
          "nixpkgs"
        ]
      },
      "locked": {
        "lastModified": 1743604125,
        "narHash": "sha256-ZD61DNbsBt1mQbinAaaEqKaJk2RFo9R/j+eYWeGMx7A=",
        "owner": "nix-community",
        "repo": "home-manager",
        "rev": "180fd43eea296e62ae68e079fcf56aba268b9a1a",
        "type": "github"
      },
      "original": {
        "owner": "nix-community",
        "repo": "home-manager",
        "type": "github"
      }
    },
    "material.nvim": {
      "flake": false,
      "locked": {
        "lastModified": 1741996520,
        "narHash": "sha256-iZnoTF+tPY7fSATL9QPUT9mPewS5ELibqIrPCH/VKsg=",
        "owner": "marko-cerovac",
        "repo": "material.nvim",
        "rev": "96285a62923ea8e38aea7b603099752da2a97e97",
        "type": "github"
      },
      "original": {
        "owner": "marko-cerovac",
        "repo": "material.nvim",
        "type": "github"
      }
    },
    "nixCats": {
      "locked": {
        "lastModified": 1744871007,
        "narHash": "sha256-RbMC6LcwoQIRrGhBNlcT816URyRWTiRvF/QZJPOj9N4=",
        "owner": "BirdeeHub",
        "repo": "nixCats-nvim",
        "rev": "c03cf9366ea64f4ea2e1be793770fb5fce11750e",
        "type": "github"
      },
      "original": {
        "owner": "BirdeeHub",
        "repo": "nixCats-nvim",
        "type": "github"
      }
    },
    "nixpkgs": {
      "locked": {
        "lastModified": 1744463964,
        "narHash": "sha256-LWqduOgLHCFxiTNYi3Uj5Lgz0SR+Xhw3kr/3Xd0GPTM=",
        "owner": "nixos",
        "repo": "nixpkgs",
        "rev": "2631b0b7abcea6e640ce31cd78ea58910d31e650",
        "type": "github"
      },
      "original": {
        "owner": "nixos",
        "ref": "nixos-unstable",
        "repo": "nixpkgs",
        "type": "github"
      }
    },
    "nixpkgs_2": {
      "locked": {
        "lastModified": 1744463964,
        "narHash": "sha256-LWqduOgLHCFxiTNYi3Uj5Lgz0SR+Xhw3kr/3Xd0GPTM=",
        "owner": "NixOS",
        "repo": "nixpkgs",
        "rev": "2631b0b7abcea6e640ce31cd78ea58910d31e650",
        "type": "github"
      },
      "original": {
        "owner": "NixOS",
        "ref": "nixos-unstable",
        "repo": "nixpkgs",
        "type": "github"
      }
    },
    "nixpkgs_3": {
      "locked": {
        "lastModified": 1743448293,
        "narHash": "sha256-bmEPmSjJakAp/JojZRrUvNcDX2R5/nuX6bm+seVaGhs=",
        "owner": "nixos",
        "repo": "nixpkgs",
        "rev": "77b584d61ff80b4cef9245829a6f1dfad5afdfa3",
        "type": "github"
      },
      "original": {
        "owner": "nixos",
        "ref": "nixos-unstable",
        "repo": "nixpkgs",
        "type": "github"
      }
    },
    "root": {
      "inputs": {
        "home-manager": "home-manager",
        "material.nvim": "material.nvim",
        "nixCats": "nixCats",
        "nixpkgs": "nixpkgs",
        "spicetify-nix": "spicetify-nix",
        "zen-browser": "zen-browser"
      }
    },
    "spicetify-nix": {
      "inputs": {
        "nixpkgs": "nixpkgs_2",
        "systems": "systems"
      },
      "locked": {
        "lastModified": 1744682091,
        "narHash": "sha256-zudMf0YW3mB0f2XnWPAjYdKioJPaJQchhO4bCeBOZAI=",
        "owner": "Gerg-L",
        "repo": "spicetify-nix",
        "rev": "44ed9eb751a6966ffb291edbda2e9bebd3ebcd4a",
        "type": "github"
      },
      "original": {
        "owner": "Gerg-L",
        "repo": "spicetify-nix",
        "type": "github"
      }
    },
    "systems": {
      "locked": {
        "lastModified": 1681028828,
        "narHash": "sha256-Vy1rq5AaRuLzOxct8nz4T6wlgyUR7zLU309k9mBC768=",
        "owner": "nix-systems",
        "repo": "default",
        "rev": "da67096a3b9bf56a91d16901293e51ba5b49a27e",
        "type": "github"
      },
      "original": {
        "owner": "nix-systems",
        "repo": "default",
        "type": "github"
      }
    },
    "zen-browser": {
      "inputs": {
        "home-manager": "home-manager_2",
        "nixpkgs": "nixpkgs_3"
      },
      "locked": {
        "lastModified": 1744910227,
        "narHash": "sha256-qDAz+M2ZsqMEtar8WCkNkppDnXop83wB2GL66GbL1Lo=",
        "owner": "0xc000022070",
        "repo": "zen-browser-flake",
        "rev": "df60f61389c91f9db119cebc450580ede16d316f",
        "type": "github"
      },
      "original": {
        "owner": "0xc000022070",
        "repo": "zen-browser-flake",
        "type": "github"
      }
    }
  },
  "root": "root",
  "version": 7
}
